
Microsoft Visual Studio Solution File, Format Version 12.00
# Visual Studio Version 17
VisualStudioVersion = 17.3.32819.101
MinimumVisualStudioVersion = 10.0.40219.1
Project("{9A19103F-16F7-4668-BE54-9A1E7A4F7556}") = "BlazorJwtToken", "BlazorJwtToken\BlazorJwtToken.csproj", "{11581246-FB49-4381-AA5E-696C0C1D2405}"
EndProject
Global
	GlobalSection(SolutionConfigurationPlatforms) = preSolution
		Debug|Any CPU = Debug|Any CPU
		Release|Any CPU = Release|Any CPU
	EndGlobalSection
	GlobalSection(ProjectConfigurationPlatforms) = postSolution
		{11581246-FB49-4381-AA5E-696C0C1D2405}.Debug|Any CPU.ActiveCfg = Debug|Any CPU
		{11581246-FB49-4381-AA5E-696C0C1D2405}.Debug|Any CPU.Build.0 = Debug|Any CPU
		{11581246-FB49-4381-AA5E-696C0C1D2405}.Release|Any CPU.ActiveCfg = Release|Any CPU
		{11581246-FB49-4381-AA5E-696C0C1D2405}.Release|Any CPU.Build.0 = Release|Any CPU
	EndGlobalSection
	GlobalSection(SolutionProperties) = preSolution
		HideSolutionNode = FALSE
	EndGlobalSection
	GlobalSection(ExtensibilityGlobals) = postSolution
		SolutionGuid = {83DB32C6-99CA-46A8-9ECE-9A6DE27E65D3}
	EndGlobalSection
EndGlobal
